
Microsoft Visual Studio Solution File, Format Version 12.00
# Visual Studio Version 17
VisualStudioVersion = 17.6.33723.286
MinimumVisualStudioVersion = 10.0.40219.1
Project("{FAE04EC0-301F-11D3-BF4B-00C04F79EFBC}") = "task1", "task1\task1.csproj", "{747A5A63-D1EC-4AC5-B543-476E517CFA2C}"
EndProject
Global
	GlobalSection(SolutionConfigurationPlatforms) = preSolution
		Debug|Any CPU = Debug|Any CPU
		Release|Any CPU = Release|Any CPU
	EndGlobalSection
	GlobalSection(ProjectConfigurationPlatforms) = postSolution
		{747A5A63-D1EC-4AC5-B543-476E517CFA2C}.Debug|Any CPU.ActiveCfg = Debug|Any CPU
		{747A5A63-D1EC-4AC5-B543-476E517CFA2C}.Debug|Any CPU.Build.0 = Debug|Any CPU
		{747A5A63-D1EC-4AC5-B543-476E517CFA2C}.Release|Any CPU.ActiveCfg = Release|Any CPU
		{747A5A63-D1EC-4AC5-B543-476E517CFA2C}.Release|Any CPU.Build.0 = Release|Any CPU
	EndGlobalSection
	GlobalSection(SolutionProperties) = preSolution
		HideSolutionNode = FALSE
	EndGlobalSection
	GlobalSection(ExtensibilityGlobals) = postSolution
		SolutionGuid = {38804948-86AE-4D25-81D2-B83114CF4100}
	EndGlobalSection
EndGlobal
