
Microsoft Visual Studio Solution File, Format Version 12.00
# Visual Studio Version 17
VisualStudioVersion = 17.6.33723.286
MinimumVisualStudioVersion = 10.0.40219.1
Project("{FAE04EC0-301F-11D3-BF4B-00C04F79EFBC}") = "Pacman", "Pacman\Pacman.csproj", "{415D0D41-99FC-4B30-AB8A-077A31BDC934}"
EndProject
Global
	GlobalSection(SolutionConfigurationPlatforms) = preSolution
		Debug|Any CPU = Debug|Any CPU
		Release|Any CPU = Release|Any CPU
	EndGlobalSection
	GlobalSection(ProjectConfigurationPlatforms) = postSolution
		{415D0D41-99FC-4B30-AB8A-077A31BDC934}.Debug|Any CPU.ActiveCfg = Debug|Any CPU
		{415D0D41-99FC-4B30-AB8A-077A31BDC934}.Debug|Any CPU.Build.0 = Debug|Any CPU
		{415D0D41-99FC-4B30-AB8A-077A31BDC934}.Release|Any CPU.ActiveCfg = Release|Any CPU
		{415D0D41-99FC-4B30-AB8A-077A31BDC934}.Release|Any CPU.Build.0 = Release|Any CPU
	EndGlobalSection
	GlobalSection(SolutionProperties) = preSolution
		HideSolutionNode = FALSE
	EndGlobalSection
	GlobalSection(ExtensibilityGlobals) = postSolution
		SolutionGuid = {EAB08584-F9C3-4BA9-9C3D-0DBDBBCA1798}
	EndGlobalSection
EndGlobal
